
Microsoft Visual Studio Solution File, Format Version 12.00
# Visual Studio Version 17
VisualStudioVersion = 17.10.35122.118
MinimumVisualStudioVersion = 10.0.40219.1
Project("{FAE04EC0-301F-11D3-BF4B-00C04F79EFBC}") = "TestWithValue.Web", "TestWithValue.Web\TestWithValue.Web.csproj", "{E4A87A78-74C0-4DF8-9408-91779FC97015}"
EndProject
Project("{FAE04EC0-301F-11D3-BF4B-00C04F79EFBC}") = "TestWithValue.Application", "TestWithValue.Application\TestWithValue.Application.csproj", "{75097416-4768-4008-BDF9-1E9C559E7C16}"
EndProject
Project("{FAE04EC0-301F-11D3-BF4B-00C04F79EFBC}") = "TestWithValue.Domain", "TestWithValue.Domain\TestWithValue.Domain.csproj", "{CC3470DF-E2C1-49D5-954E-C0C9469AEFD9}"
EndProject
Project("{FAE04EC0-301F-11D3-BF4B-00C04F79EFBC}") = "TestWithValue.Infrastructure", "TestWithValue.Infrastructure\TestWithValue.Infrastructure.csproj", "{1701AF97-0F8A-419F-ACCD-92404B0AB8E2}"
EndProject
Project("{FAE04EC0-301F-11D3-BF4B-00C04F79EFBC}") = "TestWithValue.Data", "TestWithValue.Data\TestWithValue.Data.csproj", "{68083558-546F-4447-82C2-4AB52E1FEE00}"
EndProject
Global
	GlobalSection(SolutionConfigurationPlatforms) = preSolution
		Debug|Any CPU = Debug|Any CPU
		Release|Any CPU = Release|Any CPU
	EndGlobalSection
	GlobalSection(ProjectConfigurationPlatforms) = postSolution
		{E4A87A78-74C0-4DF8-9408-91779FC97015}.Debug|Any CPU.ActiveCfg = Debug|Any CPU
		{E4A87A78-74C0-4DF8-9408-91779FC97015}.Debug|Any CPU.Build.0 = Debug|Any CPU
		{E4A87A78-74C0-4DF8-9408-91779FC97015}.Release|Any CPU.ActiveCfg = Release|Any CPU
		{E4A87A78-74C0-4DF8-9408-91779FC97015}.Release|Any CPU.Build.0 = Release|Any CPU
		{75097416-4768-4008-BDF9-1E9C559E7C16}.Debug|Any CPU.ActiveCfg = Debug|Any CPU
		{75097416-4768-4008-BDF9-1E9C559E7C16}.Debug|Any CPU.Build.0 = Debug|Any CPU
		{75097416-4768-4008-BDF9-1E9C559E7C16}.Release|Any CPU.ActiveCfg = Release|Any CPU
		{75097416-4768-4008-BDF9-1E9C559E7C16}.Release|Any CPU.Build.0 = Release|Any CPU
		{CC3470DF-E2C1-49D5-954E-C0C9469AEFD9}.Debug|Any CPU.ActiveCfg = Debug|Any CPU
		{CC3470DF-E2C1-49D5-954E-C0C9469AEFD9}.Debug|Any CPU.Build.0 = Debug|Any CPU
		{CC3470DF-E2C1-49D5-954E-C0C9469AEFD9}.Release|Any CPU.ActiveCfg = Release|Any CPU
		{CC3470DF-E2C1-49D5-954E-C0C9469AEFD9}.Release|Any CPU.Build.0 = Release|Any CPU
		{1701AF97-0F8A-419F-ACCD-92404B0AB8E2}.Debug|Any CPU.ActiveCfg = Debug|Any CPU
		{1701AF97-0F8A-419F-ACCD-92404B0AB8E2}.Debug|Any CPU.Build.0 = Debug|Any CPU
		{1701AF97-0F8A-419F-ACCD-92404B0AB8E2}.Release|Any CPU.ActiveCfg = Release|Any CPU
		{1701AF97-0F8A-419F-ACCD-92404B0AB8E2}.Release|Any CPU.Build.0 = Release|Any CPU
		{68083558-546F-4447-82C2-4AB52E1FEE00}.Debug|Any CPU.ActiveCfg = Debug|Any CPU
		{68083558-546F-4447-82C2-4AB52E1FEE00}.Debug|Any CPU.Build.0 = Debug|Any CPU
		{68083558-546F-4447-82C2-4AB52E1FEE00}.Release|Any CPU.ActiveCfg = Release|Any CPU
		{68083558-546F-4447-82C2-4AB52E1FEE00}.Release|Any CPU.Build.0 = Release|Any CPU
	EndGlobalSection
	GlobalSection(SolutionProperties) = preSolution
		HideSolutionNode = FALSE
	EndGlobalSection
	GlobalSection(ExtensibilityGlobals) = postSolution
		SolutionGuid = {97959605-6A4B-4CDD-8BDF-C18BC2030A35}
	EndGlobalSection
EndGlobal
